
Microsoft Visual Studio Solution File, Format Version 12.00
# Visual Studio Version 16
VisualStudioVersion = 16.0.30128.74
MinimumVisualStudioVersion = 10.0.40219.1
Project("{8BC9CEB8-8B4A-11D0-8D11-00A0C91BC942}") = "Calculator 2.0", "Calculator 2.0.vcxproj", "{7932A202-F210-4B5E-A1A7-0A8B8B99AEAE}"
	ProjectSection(ProjectDependencies) = postProject
		{9725D642-F0FD-4D43-82AE-E0FD37C75A71} = {9725D642-F0FD-4D43-82AE-E0FD37C75A71}
		{13DC2E76-D524-4A1A-A783-BC78696AD9F5} = {13DC2E76-D524-4A1A-A783-BC78696AD9F5}
		{87950D90-298B-44EC-8F35-BB8FE0919968} = {87950D90-298B-44EC-8F35-BB8FE0919968}
	EndProjectSection
EndProject
Project("{8BC9CEB8-8B4A-11D0-8D11-00A0C91BC942}") = "SinDLL", "SinDLL\SinDLL.vcxproj", "{13DC2E76-D524-4A1A-A783-BC78696AD9F5}"
EndProject
Project("{8BC9CEB8-8B4A-11D0-8D11-00A0C91BC942}") = "MulDLL", "MulDLL\MulDLL.vcxproj", "{9725D642-F0FD-4D43-82AE-E0FD37C75A71}"
EndProject
Project("{8BC9CEB8-8B4A-11D0-8D11-00A0C91BC942}") = "PiDLL", "PiDLL\PiDLL.vcxproj", "{87950D90-298B-44EC-8F35-BB8FE0919968}"
EndProject
Global
	GlobalSection(SolutionConfigurationPlatforms) = preSolution
		Debug|x64 = Debug|x64
		Debug|x86 = Debug|x86
		Release|x64 = Release|x64
		Release|x86 = Release|x86
	EndGlobalSection
	GlobalSection(ProjectConfigurationPlatforms) = postSolution
		{7932A202-F210-4B5E-A1A7-0A8B8B99AEAE}.Debug|x64.ActiveCfg = Debug|x64
		{7932A202-F210-4B5E-A1A7-0A8B8B99AEAE}.Debug|x64.Build.0 = Debug|x64
		{7932A202-F210-4B5E-A1A7-0A8B8B99AEAE}.Debug|x86.ActiveCfg = Debug|Win32
		{7932A202-F210-4B5E-A1A7-0A8B8B99AEAE}.Debug|x86.Build.0 = Debug|Win32
		{7932A202-F210-4B5E-A1A7-0A8B8B99AEAE}.Release|x64.ActiveCfg = Release|x64
		{7932A202-F210-4B5E-A1A7-0A8B8B99AEAE}.Release|x64.Build.0 = Release|x64
		{7932A202-F210-4B5E-A1A7-0A8B8B99AEAE}.Release|x86.ActiveCfg = Release|Win32
		{7932A202-F210-4B5E-A1A7-0A8B8B99AEAE}.Release|x86.Build.0 = Release|Win32
		{13DC2E76-D524-4A1A-A783-BC78696AD9F5}.Debug|x64.ActiveCfg = Debug|x64
		{13DC2E76-D524-4A1A-A783-BC78696AD9F5}.Debug|x64.Build.0 = Debug|x64
		{13DC2E76-D524-4A1A-A783-BC78696AD9F5}.Debug|x86.ActiveCfg = Debug|Win32
		{13DC2E76-D524-4A1A-A783-BC78696AD9F5}.Debug|x86.Build.0 = Debug|Win32
		{13DC2E76-D524-4A1A-A783-BC78696AD9F5}.Release|x64.ActiveCfg = Release|x64
		{13DC2E76-D524-4A1A-A783-BC78696AD9F5}.Release|x64.Build.0 = Release|x64
		{13DC2E76-D524-4A1A-A783-BC78696AD9F5}.Release|x86.ActiveCfg = Release|Win32
		{13DC2E76-D524-4A1A-A783-BC78696AD9F5}.Release|x86.Build.0 = Release|Win32
		{9725D642-F0FD-4D43-82AE-E0FD37C75A71}.Debug|x64.ActiveCfg = Debug|x64
		{9725D642-F0FD-4D43-82AE-E0FD37C75A71}.Debug|x64.Build.0 = Debug|x64
		{9725D642-F0FD-4D43-82AE-E0FD37C75A71}.Debug|x86.ActiveCfg = Debug|Win32
		{9725D642-F0FD-4D43-82AE-E0FD37C75A71}.Debug|x86.Build.0 = Debug|Win32
		{9725D642-F0FD-4D43-82AE-E0FD37C75A71}.Release|x64.ActiveCfg = Release|x64
		{9725D642-F0FD-4D43-82AE-E0FD37C75A71}.Release|x64.Build.0 = Release|x64
		{9725D642-F0FD-4D43-82AE-E0FD37C75A71}.Release|x86.ActiveCfg = Release|Win32
		{9725D642-F0FD-4D43-82AE-E0FD37C75A71}.Release|x86.Build.0 = Release|Win32
		{87950D90-298B-44EC-8F35-BB8FE0919968}.Debug|x64.ActiveCfg = Debug|x64
		{87950D90-298B-44EC-8F35-BB8FE0919968}.Debug|x64.Build.0 = Debug|x64
		{87950D90-298B-44EC-8F35-BB8FE0919968}.Debug|x86.ActiveCfg = Debug|Win32
		{87950D90-298B-44EC-8F35-BB8FE0919968}.Debug|x86.Build.0 = Debug|Win32
		{87950D90-298B-44EC-8F35-BB8FE0919968}.Release|x64.ActiveCfg = Release|x64
		{87950D90-298B-44EC-8F35-BB8FE0919968}.Release|x64.Build.0 = Release|x64
		{87950D90-298B-44EC-8F35-BB8FE0919968}.Release|x86.ActiveCfg = Release|Win32
		{87950D90-298B-44EC-8F35-BB8FE0919968}.Release|x86.Build.0 = Release|Win32
	EndGlobalSection
	GlobalSection(SolutionProperties) = preSolution
		HideSolutionNode = FALSE
	EndGlobalSection
	GlobalSection(ExtensibilityGlobals) = postSolution
		SolutionGuid = {71B8DDAA-F050-4028-9862-B231E5D2F8A2}
	EndGlobalSection
EndGlobal
